
Microsoft Visual Studio Solution File, Format Version 12.00
# Visual Studio Version 17
VisualStudioVersion = 17.4.33213.308
MinimumVisualStudioVersion = 10.0.40219.1
Project("{9A19103F-16F7-4668-BE54-9A1E7A4F7556}") = "Bouquet.Api", "Bouquet.Api\Bouquet.Api.csproj", "{55DA4D0D-9FE4-48F2-BAFA-B2F5C321815F}"
EndProject
Project("{9A19103F-16F7-4668-BE54-9A1E7A4F7556}") = "Bouquet.Database", "Bouquet.Database\Bouquet.Database.csproj", "{8B95BFBD-FDE5-48AB-9EB5-A2E8AA815125}"
EndProject
Project("{9A19103F-16F7-4668-BE54-9A1E7A4F7556}") = "Bouquet.Services", "Bouquet.Services\Bouquet.Services.csproj", "{B131CE21-5C2E-4DDF-B273-91E221B51C32}"
EndProject
Project("{9A19103F-16F7-4668-BE54-9A1E7A4F7556}") = "Bouquet.Shared", "Bouquet.Shared\Bouquet.Shared.csproj", "{4ACC07C3-BB27-4392-AE6C-BC36074E1B7E}"
EndProject
Project("{FAE04EC0-301F-11D3-BF4B-00C04F79EFBC}") = "Bouquet.Tests", "Bouquet.Tests\Bouquet.Tests.csproj", "{C28165D8-794C-460E-8CAB-B6F123DF29AD}"
EndProject
Global
	GlobalSection(SolutionConfigurationPlatforms) = preSolution
		Debug|Any CPU = Debug|Any CPU
		Release|Any CPU = Release|Any CPU
	EndGlobalSection
	GlobalSection(ProjectConfigurationPlatforms) = postSolution
		{55DA4D0D-9FE4-48F2-BAFA-B2F5C321815F}.Debug|Any CPU.ActiveCfg = Debug|Any CPU
		{55DA4D0D-9FE4-48F2-BAFA-B2F5C321815F}.Debug|Any CPU.Build.0 = Debug|Any CPU
		{55DA4D0D-9FE4-48F2-BAFA-B2F5C321815F}.Release|Any CPU.ActiveCfg = Release|Any CPU
		{55DA4D0D-9FE4-48F2-BAFA-B2F5C321815F}.Release|Any CPU.Build.0 = Release|Any CPU
		{8B95BFBD-FDE5-48AB-9EB5-A2E8AA815125}.Debug|Any CPU.ActiveCfg = Debug|Any CPU
		{8B95BFBD-FDE5-48AB-9EB5-A2E8AA815125}.Debug|Any CPU.Build.0 = Debug|Any CPU
		{8B95BFBD-FDE5-48AB-9EB5-A2E8AA815125}.Release|Any CPU.ActiveCfg = Release|Any CPU
		{8B95BFBD-FDE5-48AB-9EB5-A2E8AA815125}.Release|Any CPU.Build.0 = Release|Any CPU
		{B131CE21-5C2E-4DDF-B273-91E221B51C32}.Debug|Any CPU.ActiveCfg = Debug|Any CPU
		{B131CE21-5C2E-4DDF-B273-91E221B51C32}.Debug|Any CPU.Build.0 = Debug|Any CPU
		{B131CE21-5C2E-4DDF-B273-91E221B51C32}.Release|Any CPU.ActiveCfg = Release|Any CPU
		{B131CE21-5C2E-4DDF-B273-91E221B51C32}.Release|Any CPU.Build.0 = Release|Any CPU
		{4ACC07C3-BB27-4392-AE6C-BC36074E1B7E}.Debug|Any CPU.ActiveCfg = Debug|Any CPU
		{4ACC07C3-BB27-4392-AE6C-BC36074E1B7E}.Debug|Any CPU.Build.0 = Debug|Any CPU
		{4ACC07C3-BB27-4392-AE6C-BC36074E1B7E}.Release|Any CPU.ActiveCfg = Release|Any CPU
		{4ACC07C3-BB27-4392-AE6C-BC36074E1B7E}.Release|Any CPU.Build.0 = Release|Any CPU
		{C28165D8-794C-460E-8CAB-B6F123DF29AD}.Debug|Any CPU.ActiveCfg = Debug|Any CPU
		{C28165D8-794C-460E-8CAB-B6F123DF29AD}.Debug|Any CPU.Build.0 = Debug|Any CPU
		{C28165D8-794C-460E-8CAB-B6F123DF29AD}.Release|Any CPU.ActiveCfg = Release|Any CPU
		{C28165D8-794C-460E-8CAB-B6F123DF29AD}.Release|Any CPU.Build.0 = Release|Any CPU
	EndGlobalSection
	GlobalSection(SolutionProperties) = preSolution
		HideSolutionNode = FALSE
	EndGlobalSection
	GlobalSection(ExtensibilityGlobals) = postSolution
		SolutionGuid = {4A78F3F1-CA9E-4AEB-A7A9-0894D138E2FB}
	EndGlobalSection
EndGlobal
